
Microsoft Visual Studio Solution File, Format Version 12.00
# Visual Studio Version 16
VisualStudioVersion = 16.0.31515.178
MinimumVisualStudioVersion = 10.0.40219.1
Project("{159641D6-6404-4A2A-AE62-294DE0FE8301}") = "Dodgy Dinos", "Dodgy Dinos.dtproj", "{E9EBF801-80EC-4562-8FB2-2B6907DF4047}"
EndProject
Global
	GlobalSection(SolutionConfigurationPlatforms) = preSolution
		Development|Default = Development|Default
	EndGlobalSection
	GlobalSection(ProjectConfigurationPlatforms) = postSolution
		{E9EBF801-80EC-4562-8FB2-2B6907DF4047}.Development|Default.ActiveCfg = Development
		{E9EBF801-80EC-4562-8FB2-2B6907DF4047}.Development|Default.Build.0 = Development
	EndGlobalSection
	GlobalSection(SolutionProperties) = preSolution
		HideSolutionNode = FALSE
	EndGlobalSection
	GlobalSection(ExtensibilityGlobals) = postSolution
		SolutionGuid = {816CC782-546E-46C3-8E61-9B8A294430BC}
	EndGlobalSection
EndGlobal
